
Microsoft Visual Studio Solution File, Format Version 12.00
# Visual Studio Version 16
VisualStudioVersion = 16.0.29613.14
MinimumVisualStudioVersion = 10.0.40219.1
Project("{FAE04EC0-301F-11D3-BF4B-00C04F79EFBC}") = "DemoGithub", "DemoGithub\DemoGithub.csproj", "{2237FDF1-2493-4BE2-9528-A9AA31D4834A}"
EndProject
Global
	GlobalSection(SolutionConfigurationPlatforms) = preSolution
		Debug|Any CPU = Debug|Any CPU
		Release|Any CPU = Release|Any CPU
	EndGlobalSection
	GlobalSection(ProjectConfigurationPlatforms) = postSolution
		{2237FDF1-2493-4BE2-9528-A9AA31D4834A}.Debug|Any CPU.ActiveCfg = Debug|Any CPU
		{2237FDF1-2493-4BE2-9528-A9AA31D4834A}.Debug|Any CPU.Build.0 = Debug|Any CPU
		{2237FDF1-2493-4BE2-9528-A9AA31D4834A}.Release|Any CPU.ActiveCfg = Release|Any CPU
		{2237FDF1-2493-4BE2-9528-A9AA31D4834A}.Release|Any CPU.Build.0 = Release|Any CPU
	EndGlobalSection
	GlobalSection(SolutionProperties) = preSolution
		HideSolutionNode = FALSE
	EndGlobalSection
	GlobalSection(ExtensibilityGlobals) = postSolution
		SolutionGuid = {46621E67-F9AE-4AE6-B0D7-07E06457B419}
	EndGlobalSection
EndGlobal
